
Microsoft Visual Studio Solution File, Format Version 12.00
# Visual Studio Version 17
VisualStudioVersion = 17.4.33213.308
MinimumVisualStudioVersion = 10.0.40219.1
Project("{FAE04EC0-301F-11D3-BF4B-00C04F79EFBC}") = "PresidentesDeMexico", "PresidentesDeMexico\PresidentesDeMexico.csproj", "{37377AD4-7D0E-4007-9E79-9A778E4FB40A}"
EndProject
Global
	GlobalSection(SolutionConfigurationPlatforms) = preSolution
		Debug|Any CPU = Debug|Any CPU
		Release|Any CPU = Release|Any CPU
	EndGlobalSection
	GlobalSection(ProjectConfigurationPlatforms) = postSolution
		{37377AD4-7D0E-4007-9E79-9A778E4FB40A}.Debug|Any CPU.ActiveCfg = Debug|Any CPU
		{37377AD4-7D0E-4007-9E79-9A778E4FB40A}.Debug|Any CPU.Build.0 = Debug|Any CPU
		{37377AD4-7D0E-4007-9E79-9A778E4FB40A}.Release|Any CPU.ActiveCfg = Release|Any CPU
		{37377AD4-7D0E-4007-9E79-9A778E4FB40A}.Release|Any CPU.Build.0 = Release|Any CPU
	EndGlobalSection
	GlobalSection(SolutionProperties) = preSolution
		HideSolutionNode = FALSE
	EndGlobalSection
	GlobalSection(ExtensibilityGlobals) = postSolution
		SolutionGuid = {27B39BDD-7706-4B3F-9C03-6298891FD712}
	EndGlobalSection
EndGlobal
